{
  "name": "mapid-academy-webgis-webmap-krishnap",
  "lockfileVersion": 3,
  "requires": true,
  "packages": {
    "": {
      "dependencies": {
        "@terraformer/wkt": "^2.2.2"
      }
    },
    "node_modules/@terraformer/wkt": {
      "version": "2.2.2",
      "resolved": "https://registry.npmjs.org/@terraformer/wkt/-/wkt-2.2.2.tgz",
      "integrity": "sha512-BR7eAEip+LeveDPFRf+z/pi3zAm1TCp08V9XzxhRIUaFTnnk7k/PfHYjhCQliVYAuEwbHmBg3rYSjbm9cfl90Q==",
      "license": "MIT"
    }
  }
}
